
Microsoft Visual Studio Solution File, Format Version 12.00
# Visual Studio Version 16
VisualStudioVersion = 16.0.31702.278
MinimumVisualStudioVersion = 10.0.40219.1
Project("{FAE04EC0-301F-11D3-BF4B-00C04F79EFBC}") = "Uebung20", "Uebung20\Uebung20.csproj", "{CD13852C-E2F3-40A6-B5FA-DEA46CF2591D}"
EndProject
Global
	GlobalSection(SolutionConfigurationPlatforms) = preSolution
		Debug|Any CPU = Debug|Any CPU
		Release|Any CPU = Release|Any CPU
	EndGlobalSection
	GlobalSection(ProjectConfigurationPlatforms) = postSolution
		{CD13852C-E2F3-40A6-B5FA-DEA46CF2591D}.Debug|Any CPU.ActiveCfg = Debug|Any CPU
		{CD13852C-E2F3-40A6-B5FA-DEA46CF2591D}.Debug|Any CPU.Build.0 = Debug|Any CPU
		{CD13852C-E2F3-40A6-B5FA-DEA46CF2591D}.Release|Any CPU.ActiveCfg = Release|Any CPU
		{CD13852C-E2F3-40A6-B5FA-DEA46CF2591D}.Release|Any CPU.Build.0 = Release|Any CPU
	EndGlobalSection
	GlobalSection(SolutionProperties) = preSolution
		HideSolutionNode = FALSE
	EndGlobalSection
	GlobalSection(ExtensibilityGlobals) = postSolution
		SolutionGuid = {F1678955-B2CD-46EE-A561-75BB6F6E3774}
	EndGlobalSection
EndGlobal
